PODS:
  - ASIHTTPRequest (1.8.2):
    - ASIHTTPRequest/ASIWebPageRequest (= 1.8.2)
    - ASIHTTPRequest/CloudFiles (= 1.8.2)
    - ASIHTTPRequest/Core (= 1.8.2)
    - ASIHTTPRequest/S3 (= 1.8.2)
  - ASIHTTPRequest/ASIWebPageRequest (1.8.2):
    - ASIHTTPRequest/Core
  - ASIHTTPRequest/CloudFiles (1.8.2):
    - ASIHTTPRequest/Core
  - ASIHTTPRequest/Core (1.8.2):
    - Reachability
  - ASIHTTPRequest/S3 (1.8.2):
    - ASIHTTPRequest/Core
  - BJImageCropper (1.0.2)
  - JSONModel (1.7.0)
  - Masonry (1.1.0)
  - MBProgressHUD (1.0.0)
  - MD5Digest (1.1.0)
  - MJRefresh (3.1.15.3)
  - MQTTClient (0.11.0):
    - MQTTClient/Core (= 0.11.0)
  - MQTTClient/Core (0.11.0):
    - MQTTClient/Manager
    - MQTTClient/Min
  - MQTTClient/Manager (0.11.0):
    - MQTTClient/Min
  - MQTTClient/Min (0.11.0)
  - Reachability (3.2)
  - SBJson (5.0.0)
  - SDWebImage (4.3.0):
    - SDWebImage/Core (= 4.3.0)
  - SDWebImage/Core (4.3.0)

DEPENDENCIES:
  - ASIHTTPRequest
  - BJImageCropper
  - JSONModel
  - Masonry
  - MBProgressHUD
  - MD5Digest
  - MJRefresh
  - MQTTClient
  - SBJson
  - SDWebImage

SPEC CHECKSUMS:
  ASIHTTPRequest: ec013992946676b7978dcbde6396d57312d21db4
  BJImageCropper: 18fcc5d11d78bbb5be01f7d9cf7581634338905d
  JSONModel: 840bc0fcffb24b8454d2c026bf26fea454b8e98d
  Masonry: 678fab65091a9290e40e2832a55e7ab731aad201
  MBProgressHUD: 4890f671c94e8a0f3cf959aa731e9de2f036d71a
  MD5Digest: fea371215507cfcdc3c9633d02cffc7fd075ebc3
  MJRefresh: b48380ae2b927b46c4ef000de9adb8dc748e1df7
  MQTTClient: 524355b7088c59aa31f0a1dfa908b84c1c156ad4
  Reachability: 33e18b67625424e47b6cde6d202dce689ad7af96
  SBJson: 73c848dc34be51fda282fab12bda6c426f5ead08
  SDWebImage: 6da6c8bca115addc4de8613362e1b15f66333825

PODFILE CHECKSUM: 6e5f015812e3aa255785fae17b6325d5a4b792c6

COCOAPODS: 1.3.1
